
Microsoft Visual Studio Solution File, Format Version 12.00
# Visual Studio Version 17
VisualStudioVersion = 17.7.34024.191
MinimumVisualStudioVersion = 10.0.40219.1
Project("{FAE04EC0-301F-11D3-BF4B-00C04F79EFBC}") = "Jabron_", "Jabron_\Jabron_.csproj", "{AC8899AC-9613-4334-B2CD-B1D01308FE3B}"
EndProject
Global
	GlobalSection(SolutionConfigurationPlatforms) = preSolution
		Debug|Any CPU = Debug|Any CPU
		Release|Any CPU = Release|Any CPU
	EndGlobalSection
	GlobalSection(ProjectConfigurationPlatforms) = postSolution
		{AC8899AC-9613-4334-B2CD-B1D01308FE3B}.Debug|Any CPU.ActiveCfg = Debug|Any CPU
		{AC8899AC-9613-4334-B2CD-B1D01308FE3B}.Debug|Any CPU.Build.0 = Debug|Any CPU
		{AC8899AC-9613-4334-B2CD-B1D01308FE3B}.Release|Any CPU.ActiveCfg = Release|Any CPU
		{AC8899AC-9613-4334-B2CD-B1D01308FE3B}.Release|Any CPU.Build.0 = Release|Any CPU
	EndGlobalSection
	GlobalSection(SolutionProperties) = preSolution
		HideSolutionNode = FALSE
	EndGlobalSection
	GlobalSection(ExtensibilityGlobals) = postSolution
		SolutionGuid = {C66C18EE-F6E0-4D47-8812-CCD71B350566}
	EndGlobalSection
EndGlobal
